// !$*UTF8*$!
{
	archiveVersion = 1;
	classes = {
	};
	objectVersion = 77;
	objects = {

/* Begin PBXContainerItemProxy section */
		B7BDDC1E2CDDE8C000837946 /* PBXContainerItemProxy */ = {
			isa = PBXContainerItemProxy;
			containerPortal = B7BDDBFF2CDDE8BE00837946 /* Project object */;
			proxyType = 1;
			remoteGlobalIDString = B7BDDC062CDDE8BE00837946;
			remoteInfo = Assignment_8_ios_;
		};
		B7BDDC282CDDE8C000837946 /* PBXContainerItemProxy */ = {
			isa = PBXContainerItemProxy;
			containerPortal = B7BDDBFF2CDDE8BE00837946 /* Project object */;
			proxyType = 1;
			remoteGlobalIDString = B7BDDC062CDDE8BE00837946;
			remoteInfo = Assignment_8_ios_;
		};
/* End PBXContainerItemProxy section */

/* Begin PBXFileReference section */
		B7BDDC072CDDE8BE00837946 /* Assignment_8_ios_.app */ = {isa = PBXFileReference; explicitFileType = wrapper.application; includeInIndex = 0; path = Assignment_8_ios_.app; sourceTree = BUILT_PRODUCTS_DIR; };
		B7BDDC1D2CDDE8C000837946 /* Assignment_8_ios_Tests.xctest */ = {isa = PBXFileReference; explicitFileType = wrapper.cfbundle; includeInIndex = 0; path = Assignment_8_ios_Tests.xctest; sourceTree = BUILT_PRODUCTS_DIR; };
		B7BDDC272CDDE8C000837946 /* Assignment_8_ios_UITests.xctest */ = {isa = PBXFileReference; explicitFileType = wrapper.cfbundle; includeInIndex = 0; path = Assignment_8_ios_UITests.xctest; sourceTree = BUILT_PRODUCTS_DIR; };
/* End PBXFileReference section */

/* Begin PBXFileSystemSynchronizedBuildFileExceptionSet section */
		B7BDDC2F2CDDE8C000837946 /* Exceptions for "Assignment_8_ios_" folder in "Assignment_8_ios_" target */ = {
			isa = PBXFileSystemSynchronizedBuildFileExceptionSet;
			membershipExceptions = (
				Info.plist,
			);
			target = B7BDDC062CDDE8BE00837946 /* Assignment_8_ios_ */;
		};
/* End PBXFileSystemSynchronizedBuildFileExceptionSet section */

/* Begin PBXFileSystemSynchronizedRootGroup section */
		B7BDDC092CDDE8BE00837946 /* Assignment_8_ios_ */ = {
			isa = PBXFileSystemSynchronizedRootGroup;
			exceptions = (
				B7BDDC2F2CDDE8C000837946 /* Exceptions for "Assignment_8_ios_" folder in "Assignment_8_ios_" target */,
			);
			path = Assignment_8_ios_;
			sourceTree = "<group>";
		};
		B7BDDC202CDDE8C000837946 /* Assignment_8_ios_Tests */ = {
			isa = PBXFileSystemSynchronizedRootGroup;
			path = Assignment_8_ios_Tests;
			sourceTree = "<group>";
		};
		B7BDDC2A2CDDE8C000837946 /* Assignment_8_ios_UITests */ = {
			isa = PBXFileSystemSynchronizedRootGroup;
			path = Assignment_8_ios_UITests;
			sourceTree = "<group>";
		};
/* End PBXFileSystemSynchronizedRootGroup section */

/* Begin PBXFrameworksBuildPhase section */
		B7BDDC042CDDE8BE00837946 /* Frameworks */ = {
			isa = PBXFrameworksBuildPhase;
			buildActionMask = 2147483647;
			files = (
			);
			runOnlyForDeploymentPostprocessing = 0;
		};
		B7BDDC1A2CDDE8C000837946 /* Frameworks */ = {
			isa = PBXFrameworksBuildPhase;
			buildActionMask = 2147483647;
			files = (
			);
			runOnlyForDeploymentPostprocessing = 0;
		};
		B7BDDC242CDDE8C000837946 /* Frameworks */ = {
			isa = PBXFrameworksBuildPhase;
			buildActionMask = 2147483647;
			files = (
			);
			runOnlyForDeploymentPostprocessing = 0;
		};
/* End PBXFrameworksBuildPhase section */

/* Begin PBXGroup section */
		B7BDDBFE2CDDE8BE00837946 = {
			isa = PBXGroup;
			children = (
				B7BDDC092CDDE8BE00837946 /* Assignment_8_ios_ */,
				B7BDDC202CDDE8C000837946 /* Assignment_8_ios_Tests */,
				B7BDDC2A2CDDE8C000837946 /* Assignment_8_ios_UITests */,
				B7BDDC082CDDE8BE00837946 /* Products */,
			);
			sourceTree = "<group>";
		};
		B7BDDC082CDDE8BE00837946 /* Products */ = {
			isa = PBXGroup;
			children = (
				B7BDDC072CDDE8BE00837946 /* Assignment_8_ios_.app */,
				B7BDDC1D2CDDE8C000837946 /* Assignment_8_ios_Tests.xctest */,
				B7BDDC272CDDE8C000837946 /* Assignment_8_ios_UITests.xctest */,
			);
			name = Products;
			sourceTree = "<group>";
		};
/* End PBXGroup section */

/* Begin PBXNativeTarget section */
		B7BDDC062CDDE8BE00837946 /* Assignment_8_ios_ */ = {
			isa = PBXNativeTarget;
			buildConfigurationList = B7BDDC302CDDE8C000837946 /* Build configuration list for PBXNativeTarget "Assignment_8_ios_" */;
			buildPhases = (
				B7BDDC032CDDE8BE00837946 /* Sources */,
				B7BDDC042CDDE8BE00837946 /* Frameworks */,
				B7BDDC052CDDE8BE00837946 /* Resources */,
			);
			buildRules = (
			);
			dependencies = (
			);
			fileSystemSynchronizedGroups = (
				B7BDDC092CDDE8BE00837946 /* Assignment_8_ios_ */,
			);
			name = Assignment_8_ios_;
			packageProductDependencies = (
			);
			productName = Assignment_8_ios_;
			productReference = B7BDDC072CDDE8BE00837946 /* Assignment_8_ios_.app */;
			productType = "com.apple.product-type.application";
		};
		B7BDDC1C2CDDE8C000837946 /* Assignment_8_ios_Tests */ = {
			isa = PBXNativeTarget;
			buildConfigurationList = B7BDDC352CDDE8C000837946 /* Build configuration list for PBXNativeTarget "Assignment_8_ios_Tests" */;
			buildPhases = (
				B7BDDC192CDDE8C000837946 /* Sources */,
				B7BDDC1A2CDDE8C000837946 /* Frameworks */,
				B7BDDC1B2CDDE8C000837946 /* Resources */,
			);
			buildRules = (
			);
			dependencies = (
				B7BDDC1F2CDDE8C000837946 /* PBXTargetDependency */,
			);
			fileSystemSynchronizedGroups = (
				B7BDDC202CDDE8C000837946 /* Assignment_8_ios_Tests */,
			);
			name = Assignment_8_ios_Tests;
			packageProductDependencies = (
			);
			productName = Assignment_8_ios_Tests;
			productReference = B7BDDC1D2CDDE8C000837946 /* Assignment_8_ios_Tests.xctest */;
			productType = "com.apple.product-type.bundle.unit-test";
		};
		B7BDDC262CDDE8C000837946 /* Assignment_8_ios_UITests */ = {
			isa = PBXNativeTarget;
			buildConfigurationList = B7BDDC382CDDE8C000837946 /* Build configuration list for PBXNativeTarget "Assignment_8_ios_UITests" */;
			buildPhases = (
				B7BDDC232CDDE8C000837946 /* Sources */,
				B7BDDC242CDDE8C000837946 /* Frameworks */,
				B7BDDC252CDDE8C000837946 /* Resources */,
			);
			buildRules = (
			);
			dependencies = (
				B7BDDC292CDDE8C000837946 /* PBXTargetDependency */,
			);
			fileSystemSynchronizedGroups = (
				B7BDDC2A2CDDE8C000837946 /* Assignment_8_ios_UITests */,
			);
			name = Assignment_8_ios_UITests;
			packageProductDependencies = (
			);
			productName = Assignment_8_ios_UITests;
			productReference = B7BDDC272CDDE8C000837946 /* Assignment_8_ios_UITests.xctest */;
			productType = "com.apple.product-type.bundle.ui-testing";
		};
/* End PBXNativeTarget section */

/* Begin PBXProject section */
		B7BDDBFF2CDDE8BE00837946 /* Project object */ = {
			isa = PBXProject;
			attributes = {
				BuildIndependentTargetsInParallel = 1;
				LastSwiftUpdateCheck = 1610;
				LastUpgradeCheck = 1610;
				TargetAttributes = {
					B7BDDC062CDDE8BE00837946 = {
						CreatedOnToolsVersion = 16.1;
					};
					B7BDDC1C2CDDE8C000837946 = {
						CreatedOnToolsVersion = 16.1;
						TestTargetID = B7BDDC062CDDE8BE00837946;
					};
					B7BDDC262CDDE8C000837946 = {
						CreatedOnToolsVersion = 16.1;
						TestTargetID = B7BDDC062CDDE8BE00837946;
					};
				};
			};
			buildConfigurationList = B7BDDC022CDDE8BE00837946 /* Build configuration list for PBXProject "Assignment_8_ios_" */;
			developmentRegion = en;
			hasScannedForEncodings = 0;
			knownRegions = (
				en,
				Base,
			);
			mainGroup = B7BDDBFE2CDDE8BE00837946;
			minimizedProjectReferenceProxies = 1;
			preferredProjectObjectVersion = 77;
			productRefGroup = B7BDDC082CDDE8BE00837946 /* Products */;
			projectDirPath = "";
			projectRoot = "";
			targets = (
				B7BDDC062CDDE8BE00837946 /* Assignment_8_ios_ */,
				B7BDDC1C2CDDE8C000837946 /* Assignment_8_ios_Tests */,
				B7BDDC262CDDE8C000837946 /* Assignment_8_ios_UITests */,
			);
		};
/* End PBXProject section */

/* Begin PBXResourcesBuildPhase section */
		B7BDDC052CDDE8BE00837946 /* Resources */ = {
			isa = PBXResourcesBuildPhase;
			buildActionMask = 2147483647;
			files = (
			);
			runOnlyForDeploymentPostprocessing = 0;
		};
		B7BDDC1B2CDDE8C000837946 /* Resources */ = {
			isa = PBXResourcesBuildPhase;
			buildActionMask = 2147483647;
			files = (
			);
			runOnlyForDeploymentPostprocessing = 0;
		};
		B7BDDC252CDDE8C000837946 /* Resources */ = {
			isa = PBXResourcesBuildPhase;
			buildActionMask = 2147483647;
			files = (
			);
			runOnlyForDeploymentPostprocessing = 0;
		};
/* End PBXResourcesBuildPhase section */

/* Begin PBXSourcesBuildPhase section */
		B7BDDC032CDDE8BE00837946 /* Sources */ = {
			isa = PBXSourcesBuildPhase;
			buildActionMask = 2147483647;
			files = (
			);
			runOnlyForDeploymentPostprocessing = 0;
		};
		B7BDDC192CDDE8C000837946 /* Sources */ = {
			isa = PBXSourcesBuildPhase;
			buildActionMask = 2147483647;
			files = (
			);
			runOnlyForDeploymentPostprocessing = 0;
		};
		B7BDDC232CDDE8C000837946 /* Sources */ = {
			isa = PBXSourcesBuildPhase;
			buildActionMask = 2147483647;
			files = (
			);
			runOnlyForDeploymentPostprocessing = 0;
		};
/* End PBXSourcesBuildPhase section */

/* Begin PBXTargetDependency section */
		B7BDDC1F2CDDE8C000837946 /* PBXTargetDependency */ = {
			isa = PBXTargetDependency;
			target = B7BDDC062CDDE8BE00837946 /* Assignment_8_ios_ */;
			targetProxy = B7BDDC1E2CDDE8C000837946 /* PBXContainerItemProxy */;
		};
		B7BDDC292CDDE8C000837946 /* PBXTargetDependency */ = {
			isa = PBXTargetDependency;
			target = B7BDDC062CDDE8BE00837946 /* Assignment_8_ios_ */;
			targetProxy = B7BDDC282CDDE8C000837946 /* PBXContainerItemProxy */;
		};
/* End PBXTargetDependency section */

/* Begin XCBuildConfiguration section */
		B7BDDC312CDDE8C000837946 /* Debug */ = {
			isa = XCBuildConfiguration;
			buildSettings = {
				ASSETCATALOG_COMPILER_APPICON_NAME = AppIcon;
				ASSETCATALOG_COMPILER_GLOBAL_ACCENT_COLOR_NAME = AccentColor;
				CODE_SIGN_STYLE = Automatic;
				CURRENT_PROJECT_VERSION = 1;
				GENERATE_INFOPLIST_FILE = YES;
				INFOPLIST_FILE = Assignment_8_ios_/Info.plist;
				INFOPLIST_KEY_UIApplicationSupportsIndirectInputEvents = YES;
				INFOPLIST_KEY_UILaunchStoryboardName = LaunchScreen;
				INFOPLIST_KEY_UIMainStoryboardFile = Main;
				INFOPLIST_KEY_UISupportedInterfaceOrientations_iPad = "UIInterfaceOrientationPortrait UIInterfaceOrientationPortraitUpsideDown UIInterfaceOrientationLandscapeLeft UIInterfaceOrientationLandscapeRight";
				INFOPLIST_KEY_UISupportedInterfaceOrientations_iPhone = "UIInterfaceOrientationPortrait UIInterfaceOrientationLandscapeLeft UIInterfaceOrientationLandscapeRight";
				LD_RUNPATH_SEARCH_PATHS = (
					"$(inherited)",
					"@executable_path/Frameworks",
				);
				MARKETING_VERSION = 1.0;
				PRODUCT_BUNDLE_IDENTIFIER = "ganiya.Assignment-8-ios-";
				PRODUCT_NAME = "$(TARGET_NAME)";
				SWIFT_EMIT_LOC_STRINGS = YES;
				SWIFT_VERSION = 5.0;
				TARGETED_DEVICE_FAMILY = "1,2";
			};
			name = Debug;
		};
		B7BDDC322CDDE8C000837946 /* Release */ = {
			isa = XCBuildConfiguration;
			buildSettings = {
				ASSETCATALOG_COMPILER_APPICON_NAME = AppIcon;
				ASSETCATALOG_COMPILER_GLOBAL_ACCENT_COLOR_NAME = AccentColor;
				CODE_SIGN_STYLE = Automatic;
				CURRENT_PROJECT_VERSION = 1;
				GENERATE_INFOPLIST_FILE = YES;
				INFOPLIST_FILE = Assignment_8_ios_/Info.plist;
				INFOPLIST_KEY_UIApplicationSupportsIndirectInputEvents = YES;
				INFOPLIST_KEY_UILaunchStoryboardName = LaunchScreen;
				INFOPLIST_KEY_UIMainStoryboardFile = Main;
				INFOPLIST_KEY_UISupportedInterfaceOrientations_iPad = "UIInterfaceOrientationPortrait UIInterfaceOrientationPortraitUpsideDown UIInterfaceOrientationLandscapeLeft UIInterfaceOrientationLandscapeRight";
				INFOPLIST_KEY_UISupportedInterfaceOrientations_iPhone = "UIInterfaceOrientationPortrait UIInterfaceOrientationLandscapeLeft UIInterfaceOrientationLandscapeRight";
				LD_RUNPATH_SEARCH_PATHS = (
					"$(inherited)",
					"@executable_path/Frameworks",
				);
				MARKETING_VERSION = 1.0;
				PRODUCT_BUNDLE_IDENTIFIER = "ganiya.Assignment-8-ios-";
				PRODUCT_NAME = "$(TARGET_NAME)";
				SWIFT_EMIT_LOC_STRINGS = YES;
				SWIFT_VERSION = 5.0;
				TARGETED_DEVICE_FAMILY = "1,2";
			};
			name = Release;
		};
		B7BDDC332CDDE8C000837946 /* Debug */ = {
			isa = XCBuildConfiguration;
			buildSettings = {
				ALWAYS_SEARCH_USER_PATHS = NO;
				ASSETCATALOG_COMPILER_GENERATE_SWIFT_ASSET_SYMBOL_EXTENSIONS = YES;
				CLANG_ANALYZER_NONNULL = YES;
				CLANG_ANALYZER_NUMBER_OBJECT_CONVERSION = YES_AGGRESSIVE;
				CLANG_CXX_LANGUAGE_STANDARD = "gnu++20";
				CLANG_ENABLE_MODULES = YES;
				CLANG_ENABLE_OBJC_ARC = YES;
				CLANG_ENABLE_OBJC_WEAK = YES;
				CLANG_WARN_BLOCK_CAPTURE_AUTORELEASING = YES;
				CLANG_WARN_BOOL_CONVERSION = YES;
				CLANG_WARN_COMMA = YES;
				CLANG_WARN_CONSTANT_CONVERSION = YES;
				CLANG_WARN_DEPRECATED_OBJC_IMPLEMENTATIONS = YES;
				CLANG_WARN_DIRECT_OBJC_ISA_USAGE = YES_ERROR;
				CLANG_WARN_DOCUMENTATION_COMMENTS = YES;
				CLANG_WARN_EMPTY_BODY = YES;
				CLANG_WARN_ENUM_CONVERSION = YES;
				CLANG_WARN_INFINITE_RECURSION = YES;
				CLANG_WARN_INT_CONVERSION = YES;
				CLANG_WARN_NON_LITERAL_NULL_CONVERSION = YES;
				CLANG_WARN_OBJC_IMPLICIT_RETAIN_SELF = YES;
				CLANG_WARN_OBJC_LITERAL_CONVERSION = YES;
				CLANG_WARN_OBJC_ROOT_CLASS = YES_ERROR;
				CLANG_WARN_QUOTED_INCLUDE_IN_FRAMEWORK_HEADER = YES;
				CLANG_WARN_RANGE_LOOP_ANALYSIS = YES;
				CLANG_WARN_STRICT_PROTOTYPES = YES;
				CLANG_WARN_SUSPICIOUS_MOVE = YES;
				CLANG_WARN_UNGUARDED_AVAILABILITY = YES_AGGRESSIVE;
				CLANG_WARN_UNREACHABLE_CODE = YES;
				CLANG_WARN__DUPLICATE_METHOD_MATCH = YES;
				COPY_PHASE_STRIP = NO;
				DEBUG_INFORMATION_FORMAT = dwarf;
				ENABLE_STRICT_OBJC_MSGSEND = YES;
				ENABLE_TESTABILITY = YES;
				ENABLE_USER_SCRIPT_SANDBOXING = YES;
				GCC_C_LANGUAGE_STANDARD = gnu17;
				GCC_DYNAMIC_NO_PIC = NO;
				GCC_NO_COMMON_BLOCKS = YES;
				GCC_OPTIMIZATION_LEVEL = 0;
				GCC_PREPROCESSOR_DEFINITIONS = (
					"DEBUG=1",
					"$(inherited)",
				);
				GCC_WARN_64_TO_32_BIT_CONVERSION = YES;
				GCC_WARN_ABOUT_RETURN_TYPE = YES_ERROR;
				GCC_WARN_UNDECLARED_SELECTOR = YES;
				GCC_WARN_UNINITIALIZED_AUTOS = YES_AGGRESSIVE;
				GCC_WARN_UNUSED_FUNCTION = YES;
				GCC_WARN_UNUSED_VARIABLE = YES;
				IPHONEOS_DEPLOYMENT_TARGET = 18.1;
				LOCALIZATION_PREFERS_STRING_CATALOGS = YES;
				MTL_ENABLE_DEBUG_INFO = INCLUDE_SOURCE;
				MTL_FAST_MATH = YES;
				ONLY_ACTIVE_ARCH = YES;
				SDKROOT = iphoneos;
				SWIFT_ACTIVE_COMPILATION_CONDITIONS = "DEBUG $(inherited)";
				SWIFT_OPTIMIZATION_LEVEL = "-Onone";
			};
			name = Debug;
		};
		B7BDDC342CDDE8C000837946 /* Release */ = {
			isa = XCBuildConfiguration;
			buildSettings = {
				ALWAYS_SEARCH_USER_PATHS = NO;
				ASSETCATALOG_COMPILER_GENERATE_SWIFT_ASSET_SYMBOL_EXTENSIONS = YES;
				CLANG_ANALYZER_NONNULL = YES;
				CLANG_ANALYZER_NUMBER_OBJECT_CONVERSION = YES_AGGRESSIVE;
				CLANG_CXX_LANGUAGE_STANDARD = "gnu++20";
				CLANG_ENABLE_MODULES = YES;
				CLANG_ENABLE_OBJC_ARC = YES;
				CLANG_ENABLE_OBJC_WEAK = YES;
				CLANG_WARN_BLOCK_CAPTURE_AUTORELEASING = YES;
				CLANG_WARN_BOOL_CONVERSION = YES;
				CLANG_WARN_COMMA = YES;
				CLANG_WARN_CONSTANT_CONVERSION = YES;
				CLANG_WARN_DEPRECATED_OBJC_IMPLEMENTATIONS = YES;
				CLANG_WARN_DIRECT_OBJC_ISA_USAGE = YES_ERROR;
				CLANG_WARN_DOCUMENTATION_COMMENTS = YES;
				CLANG_WARN_EMPTY_BODY = YES;
				CLANG_WARN_ENUM_CONVERSION = YES;
				CLANG_WARN_INFINITE_RECURSION = YES;
				CLANG_WARN_INT_CONVERSION = YES;
				CLANG_WARN_NON_LITERAL_NULL_CONVERSION = YES;
				CLANG_WARN_OBJC_IMPLICIT_RETAIN_SELF = YES;
				CLANG_WARN_OBJC_LITERAL_CONVERSION = YES;
				CLANG_WARN_OBJC_ROOT_CLASS = YES_ERROR;
				CLANG_WARN_QUOTED_INCLUDE_IN_FRAMEWORK_HEADER = YES;
				CLANG_WARN_RANGE_LOOP_ANALYSIS = YES;
				CLANG_WARN_STRICT_PROTOTYPES = YES;
				CLANG_WARN_SUSPICIOUS_MOVE = YES;
				CLANG_WARN_UNGUARDED_AVAILABILITY = YES_AGGRESSIVE;
				CLANG_WARN_UNREACHABLE_CODE = YES;
				CLANG_WARN__DUPLICATE_METHOD_MATCH = YES;
				COPY_PHASE_STRIP = NO;
				DEBUG_INFORMATION_FORMAT = "dwarf-with-dsym";
				ENABLE_NS_ASSERTIONS = NO;
				ENABLE_STRICT_OBJC_MSGSEND = YES;
				ENABLE_USER_SCRIPT_SANDBOXING = YES;
				GCC_C_LANGUAGE_STANDARD = gnu17;
				GCC_NO_COMMON_BLOCKS = YES;
				GCC_WARN_64_TO_32_BIT_CONVERSION = YES;
				GCC_WARN_ABOUT_RETURN_TYPE = YES_ERROR;
				GCC_WARN_UNDECLARED_SELECTOR = YES;
				GCC_WARN_UNINITIALIZED_AUTOS = YES_AGGRESSIVE;
				GCC_WARN_UNUSED_FUNCTION = YES;
				GCC_WARN_UNUSED_VARIABLE = YES;
				IPHONEOS_DEPLOYMENT_TARGET = 18.1;
				LOCALIZATION_PREFERS_STRING_CATALOGS = YES;
				MTL_ENABLE_DEBUG_INFO = NO;
				MTL_FAST_MATH = YES;
				SDKROOT = iphoneos;
				SWIFT_COMPILATION_MODE = wholemodule;
				VALIDATE_PRODUCT = YES;
			};
			name = Release;
		};
		B7BDDC362CDDE8C000837946 /* Debug */ = {
			isa = XCBuildConfiguration;
			buildSettings = {
				BUNDLE_LOADER = "$(TEST_HOST)";
				CODE_SIGN_STYLE = Automatic;
				CURRENT_PROJECT_VERSION = 1;
				GENERATE_INFOPLIST_FILE = YES;
				IPHONEOS_DEPLOYMENT_TARGET = 18.1;
				MARKETING_VERSION = 1.0;
				PRODUCT_BUNDLE_IDENTIFIER = "ganiya.Assignment-8-ios-Tests";
				PRODUCT_NAME = "$(TARGET_NAME)";
				SWIFT_EMIT_LOC_STRINGS = NO;
				SWIFT_VERSION = 5.0;
				TARGETED_DEVICE_FAMILY = "1,2";
				TEST_HOST = "$(BUILT_PRODUCTS_DIR)/Assignment_8_ios_.app/$(BUNDLE_EXECUTABLE_FOLDER_PATH)/Assignment_8_ios_";
			};
			name = Debug;
		};
		B7BDDC372CDDE8C000837946 /* Release */ = {
			isa = XCBuildConfiguration;
			buildSettings = {
				BUNDLE_LOADER = "$(TEST_HOST)";
				CODE_SIGN_STYLE = Automatic;
				CURRENT_PROJECT_VERSION = 1;
				GENERATE_INFOPLIST_FILE = YES;
				IPHONEOS_DEPLOYMENT_TARGET = 18.1;
				MARKETING_VERSION = 1.0;
				PRODUCT_BUNDLE_IDENTIFIER = "ganiya.Assignment-8-ios-Tests";
				PRODUCT_NAME = "$(TARGET_NAME)";
				SWIFT_EMIT_LOC_STRINGS = NO;
				SWIFT_VERSION = 5.0;
				TARGETED_DEVICE_FAMILY = "1,2";
				TEST_HOST = "$(BUILT_PRODUCTS_DIR)/Assignment_8_ios_.app/$(BUNDLE_EXECUTABLE_FOLDER_PATH)/Assignment_8_ios_";
			};
			name = Release;
		};
		B7BDDC392CDDE8C000837946 /* Debug */ = {
			isa = XCBuildConfiguration;
			buildSettings = {
				CODE_SIGN_STYLE = Automatic;
				CURRENT_PROJECT_VERSION = 1;
				GENERATE_INFOPLIST_FILE = YES;
				MARKETING_VERSION = 1.0;
				PRODUCT_BUNDLE_IDENTIFIER = "ganiya.Assignment-8-ios-UITests";
				PRODUCT_NAME = "$(TARGET_NAME)";
				SWIFT_EMIT_LOC_STRINGS = NO;
				SWIFT_VERSION = 5.0;
				TARGETED_DEVICE_FAMILY = "1,2";
				TEST_TARGET_NAME = Assignment_8_ios_;
			};
			name = Debug;
		};
		B7BDDC3A2CDDE8C000837946 /* Release */ = {
			isa = XCBuildConfiguration;
			buildSettings = {
				CODE_SIGN_STYLE = Automatic;
				CURRENT_PROJECT_VERSION = 1;
				GENERATE_INFOPLIST_FILE = YES;
				MARKETING_VERSION = 1.0;
				PRODUCT_BUNDLE_IDENTIFIER = "ganiya.Assignment-8-ios-UITests";
				PRODUCT_NAME = "$(TARGET_NAME)";
				SWIFT_EMIT_LOC_STRINGS = NO;
				SWIFT_VERSION = 5.0;
				TARGETED_DEVICE_FAMILY = "1,2";
				TEST_TARGET_NAME = Assignment_8_ios_;
			};
			name = Release;
		};
/* End XCBuildConfiguration section */

/* Begin XCConfigurationList section */
		B7BDDC022CDDE8BE00837946 /* Build configuration list for PBXProject "Assignment_8_ios_" */ = {
			isa = XCConfigurationList;
			buildConfigurations = (
				B7BDDC332CDDE8C000837946 /* Debug */,
				B7BDDC342CDDE8C000837946 /* Release */,
			);
			defaultConfigurationIsVisible = 0;
			defaultConfigurationName = Release;
		};
		B7BDDC302CDDE8C000837946 /* Build configuration list for PBXNativeTarget "Assignment_8_ios_" */ = {
			isa = XCConfigurationList;
			buildConfigurations = (
				B7BDDC312CDDE8C000837946 /* Debug */,
				B7BDDC322CDDE8C000837946 /* Release */,
			);
			defaultConfigurationIsVisible = 0;
			defaultConfigurationName = Release;
		};
		B7BDDC352CDDE8C000837946 /* Build configuration list for PBXNativeTarget "Assignment_8_ios_Tests" */ = {
			isa = XCConfigurationList;
			buildConfigurations = (
				B7BDDC362CDDE8C000837946 /* Debug */,
				B7BDDC372CDDE8C000837946 /* Release */,
			);
			defaultConfigurationIsVisible = 0;
			defaultConfigurationName = Release;
		};
		B7BDDC382CDDE8C000837946 /* Build configuration list for PBXNativeTarget "Assignment_8_ios_UITests" */ = {
			isa = XCConfigurationList;
			buildConfigurations = (
				B7BDDC392CDDE8C000837946 /* Debug */,
				B7BDDC3A2CDDE8C000837946 /* Release */,
			);
			defaultConfigurationIsVisible = 0;
			defaultConfigurationName = Release;
		};
/* End XCConfigurationList section */
	};
	rootObject = B7BDDBFF2CDDE8BE00837946 /* Project object */;
}
